
Microsoft Visual Studio Solution File, Format Version 12.00
# Visual Studio Version 17
VisualStudioVersion = 17.2.32616.157
MinimumVisualStudioVersion = 10.0.40219.1
Project("{2150E333-8FDC-42A3-9474-1A3956D46DE8}") = "lib", "lib", "{ED996611-FCEC-4B5A-9C30-DF6AC5C178C1}"
EndProject
Project("{2150E333-8FDC-42A3-9474-1A3956D46DE8}") = "iTin.Core", "iTin.Core", "{E395D3DB-DAC6-48FF-9AE7-D073D4F8BF1B}"
EndProject
Project("{2150E333-8FDC-42A3-9474-1A3956D46DE8}") = "iTin", "iTin", "{44BBF122-1643-409A-8ED5-21FB2719AD16}"
EndProject
Project("{9A19103F-16F7-4668-BE54-9A1E7A4F7556}") = "iTin.Core", "..\..\iTin\iTin.Core\iTin.Core\src\iTin.Core.csproj", "{14F9567B-9DF3-49F6-BDED-05DFF424C5A5}"
EndProject
Project("{9A19103F-16F7-4668-BE54-9A1E7A4F7556}") = "iXlsxWriter.Abstractions.Writer", "src\iXlsxWriter.Abstractions.Writer.csproj", "{B14A16CD-FB5F-4C69-AD46-AA171A4B374A}"
EndProject
Global
	GlobalSection(SolutionConfigurationPlatforms) = preSolution
		Debug|Any CPU = Debug|Any CPU
		Release|Any CPU = Release|Any CPU
	EndGlobalSection
	GlobalSection(ProjectConfigurationPlatforms) = postSolution
		{14F9567B-9DF3-49F6-BDED-05DFF424C5A5}.Debug|Any CPU.ActiveCfg = Debug|Any CPU
		{14F9567B-9DF3-49F6-BDED-05DFF424C5A5}.Debug|Any CPU.Build.0 = Debug|Any CPU
		{14F9567B-9DF3-49F6-BDED-05DFF424C5A5}.Release|Any CPU.ActiveCfg = Release|Any CPU
		{14F9567B-9DF3-49F6-BDED-05DFF424C5A5}.Release|Any CPU.Build.0 = Release|Any CPU
		{B14A16CD-FB5F-4C69-AD46-AA171A4B374A}.Debug|Any CPU.ActiveCfg = Debug|Any CPU
		{B14A16CD-FB5F-4C69-AD46-AA171A4B374A}.Debug|Any CPU.Build.0 = Debug|Any CPU
		{B14A16CD-FB5F-4C69-AD46-AA171A4B374A}.Release|Any CPU.ActiveCfg = Release|Any CPU
		{B14A16CD-FB5F-4C69-AD46-AA171A4B374A}.Release|Any CPU.Build.0 = Release|Any CPU
	EndGlobalSection
	GlobalSection(SolutionProperties) = preSolution
		HideSolutionNode = FALSE
	EndGlobalSection
	GlobalSection(NestedProjects) = preSolution
		{E395D3DB-DAC6-48FF-9AE7-D073D4F8BF1B} = {44BBF122-1643-409A-8ED5-21FB2719AD16}
		{44BBF122-1643-409A-8ED5-21FB2719AD16} = {ED996611-FCEC-4B5A-9C30-DF6AC5C178C1}
		{14F9567B-9DF3-49F6-BDED-05DFF424C5A5} = {E395D3DB-DAC6-48FF-9AE7-D073D4F8BF1B}
	EndGlobalSection
	GlobalSection(ExtensibilityGlobals) = postSolution
		SolutionGuid = {7E253257-825E-40F1-9BD8-3624F02E7544}
	EndGlobalSection
EndGlobal
